
Microsoft Visual Studio Solution File, Format Version 12.00
# Visual Studio Version 16
VisualStudioVersion = 16.0.30320.27
MinimumVisualStudioVersion = 10.0.40219.1
Project("{9A19103F-16F7-4668-BE54-9A1E7A4F7556}") = "BlazorWebAssemblyApp", "BlazorWebAssemblyApp\BlazorWebAssemblyApp.csproj", "{393BDA89-D44A-491F-B111-89ACFA3819F0}"
EndProject
Project("{9A19103F-16F7-4668-BE54-9A1E7A4F7556}") = "BlazorServerApp", "BlazorServerApp\BlazorServerApp.csproj", "{483FD0A0-43E2-4E1C-8672-23FB36D95684}"
EndProject
Project("{FAE04EC0-301F-11D3-BF4B-00C04F79EFBC}") = "Customer.Server", "Customer.Server\Customer.Server.csproj", "{092533BD-47AB-49AF-9E29-92C2424F8A70}"
EndProject
Project("{FAE04EC0-301F-11D3-BF4B-00C04F79EFBC}") = "Customer.Models", "Customer.Models\Customer.Models.csproj", "{BCF61289-A4E5-425E-A6A3-0410C04955A7}"
EndProject
Project("{FAE04EC0-301F-11D3-BF4B-00C04F79EFBC}") = "Customer.API", "Customer.API\Customer.API.csproj", "{8F5AC6CE-3ABC-4123-BEFF-C7A87C27C14F}"
EndProject
Global
	GlobalSection(SolutionConfigurationPlatforms) = preSolution
		Debug|Any CPU = Debug|Any CPU
		Release|Any CPU = Release|Any CPU
	EndGlobalSection
	GlobalSection(ProjectConfigurationPlatforms) = postSolution
		{393BDA89-D44A-491F-B111-89ACFA3819F0}.Debug|Any CPU.ActiveCfg = Debug|Any CPU
		{393BDA89-D44A-491F-B111-89ACFA3819F0}.Debug|Any CPU.Build.0 = Debug|Any CPU
		{393BDA89-D44A-491F-B111-89ACFA3819F0}.Release|Any CPU.ActiveCfg = Release|Any CPU
		{393BDA89-D44A-491F-B111-89ACFA3819F0}.Release|Any CPU.Build.0 = Release|Any CPU
		{483FD0A0-43E2-4E1C-8672-23FB36D95684}.Debug|Any CPU.ActiveCfg = Debug|Any CPU
		{483FD0A0-43E2-4E1C-8672-23FB36D95684}.Debug|Any CPU.Build.0 = Debug|Any CPU
		{483FD0A0-43E2-4E1C-8672-23FB36D95684}.Release|Any CPU.ActiveCfg = Release|Any CPU
		{483FD0A0-43E2-4E1C-8672-23FB36D95684}.Release|Any CPU.Build.0 = Release|Any CPU
		{092533BD-47AB-49AF-9E29-92C2424F8A70}.Debug|Any CPU.ActiveCfg = Debug|Any CPU
		{092533BD-47AB-49AF-9E29-92C2424F8A70}.Debug|Any CPU.Build.0 = Debug|Any CPU
		{092533BD-47AB-49AF-9E29-92C2424F8A70}.Release|Any CPU.ActiveCfg = Release|Any CPU
		{092533BD-47AB-49AF-9E29-92C2424F8A70}.Release|Any CPU.Build.0 = Release|Any CPU
		{BCF61289-A4E5-425E-A6A3-0410C04955A7}.Debug|Any CPU.ActiveCfg = Debug|Any CPU
		{BCF61289-A4E5-425E-A6A3-0410C04955A7}.Debug|Any CPU.Build.0 = Debug|Any CPU
		{BCF61289-A4E5-425E-A6A3-0410C04955A7}.Release|Any CPU.ActiveCfg = Release|Any CPU
		{BCF61289-A4E5-425E-A6A3-0410C04955A7}.Release|Any CPU.Build.0 = Release|Any CPU
		{8F5AC6CE-3ABC-4123-BEFF-C7A87C27C14F}.Debug|Any CPU.ActiveCfg = Debug|Any CPU
		{8F5AC6CE-3ABC-4123-BEFF-C7A87C27C14F}.Debug|Any CPU.Build.0 = Debug|Any CPU
		{8F5AC6CE-3ABC-4123-BEFF-C7A87C27C14F}.Release|Any CPU.ActiveCfg = Release|Any CPU
		{8F5AC6CE-3ABC-4123-BEFF-C7A87C27C14F}.Release|Any CPU.Build.0 = Release|Any CPU
	EndGlobalSection
	GlobalSection(SolutionProperties) = preSolution
		HideSolutionNode = FALSE
	EndGlobalSection
	GlobalSection(ExtensibilityGlobals) = postSolution
		SolutionGuid = {0A9EAA2F-D053-4C13-A545-BA20A85EC8B2}
	EndGlobalSection
EndGlobal
